
Microsoft Visual Studio Solution File, Format Version 12.00
# Visual Studio Version 16
VisualStudioVersion = 16.0.29009.5
MinimumVisualStudioVersion = 10.0.40219.1
Project("{FAE04EC0-301F-11D3-BF4B-00C04F79EFBC}") = "SudokuService", "SudokuService\SudokuService.csproj", "{F03F23D3-6476-4ABA-B4D2-2051FC84342A}"
EndProject
Project("{FAE04EC0-301F-11D3-BF4B-00C04F79EFBC}") = "SudokuServiceTests", "SudokuServiceTests\SudokuServiceTests.csproj", "{95DDC894-4D56-415F-B95D-E38A6F044A40}"
EndProject
Global
	GlobalSection(SolutionConfigurationPlatforms) = preSolution
		Debug|Any CPU = Debug|Any CPU
		Release|Any CPU = Release|Any CPU
	EndGlobalSection
	GlobalSection(ProjectConfigurationPlatforms) = postSolution
		{F03F23D3-6476-4ABA-B4D2-2051FC84342A}.Debug|Any CPU.ActiveCfg = Debug|Any CPU
		{F03F23D3-6476-4ABA-B4D2-2051FC84342A}.Debug|Any CPU.Build.0 = Debug|Any CPU
		{F03F23D3-6476-4ABA-B4D2-2051FC84342A}.Release|Any CPU.ActiveCfg = Release|Any CPU
		{F03F23D3-6476-4ABA-B4D2-2051FC84342A}.Release|Any CPU.Build.0 = Release|Any CPU
		{95DDC894-4D56-415F-B95D-E38A6F044A40}.Debug|Any CPU.ActiveCfg = Debug|Any CPU
		{95DDC894-4D56-415F-B95D-E38A6F044A40}.Debug|Any CPU.Build.0 = Debug|Any CPU
		{95DDC894-4D56-415F-B95D-E38A6F044A40}.Release|Any CPU.ActiveCfg = Release|Any CPU
		{95DDC894-4D56-415F-B95D-E38A6F044A40}.Release|Any CPU.Build.0 = Release|Any CPU
	EndGlobalSection
	GlobalSection(SolutionProperties) = preSolution
		HideSolutionNode = FALSE
	EndGlobalSection
	GlobalSection(ExtensibilityGlobals) = postSolution
		SolutionGuid = {DA505B1C-92AA-497A-84C6-98B53FC3B73E}
	EndGlobalSection
EndGlobal
